
Microsoft Visual Studio Solution File, Format Version 12.00
# Visual Studio 15
VisualStudioVersion = 15.0.27004.2010
MinimumVisualStudioVersion = 10.0.40219.1
Project("{FAE04EC0-301F-11D3-BF4B-00C04F79EFBC}") = "FoodApplication", "FoodApplication\FoodApplication.csproj", "{EA6279B0-9FB7-4261-B7D1-FD81B38DE430}"
EndProject
Global
	GlobalSection(SolutionConfigurationPlatforms) = preSolution
		Debug|Any CPU = Debug|Any CPU
		Release|Any CPU = Release|Any CPU
	EndGlobalSection
	GlobalSection(ProjectConfigurationPlatforms) = postSolution
		{EA6279B0-9FB7-4261-B7D1-FD81B38DE430}.Debug|Any CPU.ActiveCfg = Debug|Any CPU
		{EA6279B0-9FB7-4261-B7D1-FD81B38DE430}.Debug|Any CPU.Build.0 = Debug|Any CPU
		{EA6279B0-9FB7-4261-B7D1-FD81B38DE430}.Release|Any CPU.ActiveCfg = Release|Any CPU
		{EA6279B0-9FB7-4261-B7D1-FD81B38DE430}.Release|Any CPU.Build.0 = Release|Any CPU
	EndGlobalSection
	GlobalSection(SolutionProperties) = preSolution
		HideSolutionNode = FALSE
	EndGlobalSection
	GlobalSection(ExtensibilityGlobals) = postSolution
		SolutionGuid = {2878F6CE-9564-44A7-BB0E-84BB727C745D}
	EndGlobalSection
EndGlobal
